// !$*UTF8*$!
{
	archiveVersion = 1;
	classes = {
	};
	objectVersion = 50;
	objects = {

/* Begin PBXBuildFile section */
		D81EC0F6240A688100F87E0C /* AppDelegate.swift in Sources */ = {isa = PBXBuildFile; fileRef = D81EC0F5240A688100F87E0C /* AppDelegate.swift */; };
		D81EC0F8240A688100F87E0C /* SceneDelegate.swift in Sources */ = {isa = PBXBuildFile; fileRef = D81EC0F7240A688100F87E0C /* SceneDelegate.swift */; };
		D81EC0FD240A688100F87E0C /* Main.storyboard in Resources */ = {isa = PBXBuildFile; fileRef = D81EC0FB240A688100F87E0C /* Main.storyboard */; };
		D81EC0FF240A688300F87E0C /* Assets.xcassets in Resources */ = {isa = PBXBuildFile; fileRef = D81EC0FE240A688300F87E0C /* Assets.xcassets */; };
		D81EC102240A688300F87E0C /* LaunchScreen.storyboard in Resources */ = {isa = PBXBuildFile; fileRef = D81EC100240A688300F87E0C /* LaunchScreen.storyboard */; };
		D81EC10A240A68E700F87E0C /* MainViewController.swift in Sources */ = {isa = PBXBuildFile; fileRef = D81EC109240A68E700F87E0C /* MainViewController.swift */; };
		D81EC10C240A691700F87E0C /* LoginViewController.swift in Sources */ = {isa = PBXBuildFile; fileRef = D81EC10B240A691700F87E0C /* LoginViewController.swift */; };
		D8235FFC240DA9E600D3DF57 /* ReposCell.swift in Sources */ = {isa = PBXBuildFile; fileRef = D8235FFB240DA9E600D3DF57 /* ReposCell.swift */; };
		D8235FFE240DAF2900D3DF57 /* Repos.swift in Sources */ = {isa = PBXBuildFile; fileRef = D8235FFD240DAF2900D3DF57 /* Repos.swift */; };
		D8236000240E391300D3DF57 /* Branch.swift in Sources */ = {isa = PBXBuildFile; fileRef = D8235FFF240E391300D3DF57 /* Branch.swift */; };
		D8236002240E3A6E00D3DF57 /* FileCell.swift in Sources */ = {isa = PBXBuildFile; fileRef = D8236001240E3A6E00D3DF57 /* FileCell.swift */; };
		D8236004240E3A8500D3DF57 /* RepoViewController.swift in Sources */ = {isa = PBXBuildFile; fileRef = D8236003240E3A8500D3DF57 /* RepoViewController.swift */; };
		D8236007240E486D00D3DF57 /* String.swift in Sources */ = {isa = PBXBuildFile; fileRef = D8236006240E486D00D3DF57 /* String.swift */; };
		D86516C9240A860900C7C77C /* AuthService.swift in Sources */ = {isa = PBXBuildFile; fileRef = D86516C8240A860900C7C77C /* AuthService.swift */; };
		D8CC931B240BB47600BBEE5C /* User.swift in Sources */ = {isa = PBXBuildFile; fileRef = D8CC931A240BB47600BBEE5C /* User.swift */; };
		D8CC931D240BBC5300BBEE5C /* NetworkingError.swift in Sources */ = {isa = PBXBuildFile; fileRef = D8CC931C240BBC5300BBEE5C /* NetworkingError.swift */; };
		D8CC931F240BE32500BBEE5C /* ProfileCell.swift in Sources */ = {isa = PBXBuildFile; fileRef = D8CC931E240BE32500BBEE5C /* ProfileCell.swift */; };
		D8CC9323240C527700BBEE5C /* NetworkManager.swift in Sources */ = {isa = PBXBuildFile; fileRef = D8CC9322240C527700BBEE5C /* NetworkManager.swift */; };
/* End PBXBuildFile section */

/* Begin PBXFileReference section */
		D81EC0F2240A688100F87E0C /* GitHubMobile.app */ = {isa = PBXFileReference; explicitFileType = wrapper.application; includeInIndex = 0; path = GitHubMobile.app; sourceTree = BUILT_PRODUCTS_DIR; };
		D81EC0F5240A688100F87E0C /* AppDelegate.swift */ = {isa = PBXFileReference; lastKnownFileType = sourcecode.swift; path = AppDelegate.swift; sourceTree = "<group>"; };
		D81EC0F7240A688100F87E0C /* SceneDelegate.swift */ = {isa = PBXFileReference; lastKnownFileType = sourcecode.swift; path = SceneDelegate.swift; sourceTree = "<group>"; };
		D81EC0FC240A688100F87E0C /* Base */ = {isa = PBXFileReference; lastKnownFileType = file.storyboard; name = Base; path = Base.lproj/Main.storyboard; sourceTree = "<group>"; };
		D81EC0FE240A688300F87E0C /* Assets.xcassets */ = {isa = PBXFileReference; lastKnownFileType = folder.assetcatalog; path = Assets.xcassets; sourceTree = "<group>"; };
		D81EC101240A688300F87E0C /* Base */ = {isa = PBXFileReference; lastKnownFileType = file.storyboard; name = Base; path = Base.lproj/LaunchScreen.storyboard; sourceTree = "<group>"; };
		D81EC103240A688300F87E0C /* Info.plist */ = {isa = PBXFileReference; lastKnownFileType = text.plist.xml; path = Info.plist; sourceTree = "<group>"; };
		D81EC109240A68E700F87E0C /* MainViewController.swift */ = {isa = PBXFileReference; lastKnownFileType = sourcecode.swift; path = MainViewController.swift; sourceTree = "<group>"; };
		D81EC10B240A691700F87E0C /* LoginViewController.swift */ = {isa = PBXFileReference; lastKnownFileType = sourcecode.swift; path = LoginViewController.swift; sourceTree = "<group>"; };
		D8235FFB240DA9E600D3DF57 /* ReposCell.swift */ = {isa = PBXFileReference; lastKnownFileType = sourcecode.swift; path = ReposCell.swift; sourceTree = "<group>"; };
		D8235FFD240DAF2900D3DF57 /* Repos.swift */ = {isa = PBXFileReference; lastKnownFileType = sourcecode.swift; path = Repos.swift; sourceTree = "<group>"; };
		D8235FFF240E391300D3DF57 /* Branch.swift */ = {isa = PBXFileReference; lastKnownFileType = sourcecode.swift; path = Branch.swift; sourceTree = "<group>"; };
		D8236001240E3A6E00D3DF57 /* FileCell.swift */ = {isa = PBXFileReference; lastKnownFileType = sourcecode.swift; path = FileCell.swift; sourceTree = "<group>"; };
		D8236003240E3A8500D3DF57 /* RepoViewController.swift */ = {isa = PBXFileReference; lastKnownFileType = sourcecode.swift; path = RepoViewController.swift; sourceTree = "<group>"; };
		D8236006240E486D00D3DF57 /* String.swift */ = {isa = PBXFileReference; lastKnownFileType = sourcecode.swift; path = String.swift; sourceTree = "<group>"; };
		D86516C8240A860900C7C77C /* AuthService.swift */ = {isa = PBXFileReference; lastKnownFileType = sourcecode.swift; path = AuthService.swift; sourceTree = "<group>"; };
		D8CC931A240BB47600BBEE5C /* User.swift */ = {isa = PBXFileReference; lastKnownFileType = sourcecode.swift; path = User.swift; sourceTree = "<group>"; };
		D8CC931C240BBC5300BBEE5C /* NetworkingError.swift */ = {isa = PBXFileReference; lastKnownFileType = sourcecode.swift; path = NetworkingError.swift; sourceTree = "<group>"; };
		D8CC931E240BE32500BBEE5C /* ProfileCell.swift */ = {isa = PBXFileReference; lastKnownFileType = sourcecode.swift; path = ProfileCell.swift; sourceTree = "<group>"; };
		D8CC9322240C527700BBEE5C /* NetworkManager.swift */ = {isa = PBXFileReference; lastKnownFileType = sourcecode.swift; path = NetworkManager.swift; sourceTree = "<group>"; };
/* End PBXFileReference section */

/* Begin PBXFrameworksBuildPhase section */
		D81EC0EF240A688100F87E0C /* Frameworks */ = {
			isa = PBXFrameworksBuildPhase;
			buildActionMask = 2147483647;
			files = (
			);
			runOnlyForDeploymentPostprocessing = 0;
		};
/* End PBXFrameworksBuildPhase section */

/* Begin PBXGroup section */
		D81EC0E9240A688100F87E0C = {
			isa = PBXGroup;
			children = (
				D81EC0F4240A688100F87E0C /* GitHubMobile */,
				D81EC0F3240A688100F87E0C /* Products */,
			);
			sourceTree = "<group>";
		};
		D81EC0F3240A688100F87E0C /* Products */ = {
			isa = PBXGroup;
			children = (
				D81EC0F2240A688100F87E0C /* GitHubMobile.app */,
			);
			name = Products;
			sourceTree = "<group>";
		};
		D81EC0F4240A688100F87E0C /* GitHubMobile */ = {
			isa = PBXGroup;
			children = (
				D81EC0F5240A688100F87E0C /* AppDelegate.swift */,
				D81EC0F7240A688100F87E0C /* SceneDelegate.swift */,
				D81EC0FB240A688100F87E0C /* Main.storyboard */,
				D81EC10B240A691700F87E0C /* LoginViewController.swift */,
				D8236006240E486D00D3DF57 /* String.swift */,
				D8235FFA240D7A9000D3DF57 /* MainPage */,
				D8236005240E3A8C00D3DF57 /* Repo */,
				D8235FF9240D7A7E00D3DF57 /* Network */,
				D8235FF8240D7A6B00D3DF57 /* Models */,
				D81EC0FE240A688300F87E0C /* Assets.xcassets */,
				D81EC100240A688300F87E0C /* LaunchScreen.storyboard */,
				D81EC103240A688300F87E0C /* Info.plist */,
			);
			path = GitHubMobile;
			sourceTree = "<group>";
		};
		D8235FF8240D7A6B00D3DF57 /* Models */ = {
			isa = PBXGroup;
			children = (
				D8CC931A240BB47600BBEE5C /* User.swift */,
				D8235FFD240DAF2900D3DF57 /* Repos.swift */,
				D8235FFF240E391300D3DF57 /* Branch.swift */,
			);
			path = Models;
			sourceTree = "<group>";
		};
		D8235FF9240D7A7E00D3DF57 /* Network */ = {
			isa = PBXGroup;
			children = (
				D8CC9322240C527700BBEE5C /* NetworkManager.swift */,
				D8CC931C240BBC5300BBEE5C /* NetworkingError.swift */,
				D86516C8240A860900C7C77C /* AuthService.swift */,
			);
			path = Network;
			sourceTree = "<group>";
		};
		D8235FFA240D7A9000D3DF57 /* MainPage */ = {
			isa = PBXGroup;
			children = (
				D81EC109240A68E700F87E0C /* MainViewController.swift */,
				D8CC931E240BE32500BBEE5C /* ProfileCell.swift */,
				D8235FFB240DA9E600D3DF57 /* ReposCell.swift */,
			);
			path = MainPage;
			sourceTree = "<group>";
		};
		D8236005240E3A8C00D3DF57 /* Repo */ = {
			isa = PBXGroup;
			children = (
				D8236001240E3A6E00D3DF57 /* FileCell.swift */,
				D8236003240E3A8500D3DF57 /* RepoViewController.swift */,
			);
			path = Repo;
			sourceTree = "<group>";
		};
/* End PBXGroup section */

/* Begin PBXNativeTarget section */
		D81EC0F1240A688100F87E0C /* GitHubMobile */ = {
			isa = PBXNativeTarget;
			buildConfigurationList = D81EC106240A688300F87E0C /* Build configuration list for PBXNativeTarget "GitHubMobile" */;
			buildPhases = (
				D81EC0EE240A688100F87E0C /* Sources */,
				D81EC0EF240A688100F87E0C /* Frameworks */,
				D81EC0F0240A688100F87E0C /* Resources */,
			);
			buildRules = (
			);
			dependencies = (
			);
			name = GitHubMobile;
			productName = GitHubMobile;
			productReference = D81EC0F2240A688100F87E0C /* GitHubMobile.app */;
			productType = "com.apple.product-type.application";
		};
/* End PBXNativeTarget section */

/* Begin PBXProject section */
		D81EC0EA240A688100F87E0C /* Project object */ = {
			isa = PBXProject;
			attributes = {
				LastSwiftUpdateCheck = 1130;
				LastUpgradeCheck = 1130;
				ORGANIZATIONNAME = Li;
				TargetAttributes = {
					D81EC0F1240A688100F87E0C = {
						CreatedOnToolsVersion = 11.3;
					};
				};
			};
			buildConfigurationList = D81EC0ED240A688100F87E0C /* Build configuration list for PBXProject "GitHubMobile" */;
			compatibilityVersion = "Xcode 9.3";
			developmentRegion = en;
			hasScannedForEncodings = 0;
			knownRegions = (
				en,
				Base,
			);
			mainGroup = D81EC0E9240A688100F87E0C;
			productRefGroup = D81EC0F3240A688100F87E0C /* Products */;
			projectDirPath = "";
			projectRoot = "";
			targets = (
				D81EC0F1240A688100F87E0C /* GitHubMobile */,
			);
		};
/* End PBXProject section */

/* Begin PBXResourcesBuildPhase section */
		D81EC0F0240A688100F87E0C /* Resources */ = {
			isa = PBXResourcesBuildPhase;
			buildActionMask = 2147483647;
			files = (
				D81EC102240A688300F87E0C /* LaunchScreen.storyboard in Resources */,
				D81EC0FF240A688300F87E0C /* Assets.xcassets in Resources */,
				D81EC0FD240A688100F87E0C /* Main.storyboard in Resources */,
			);
			runOnlyForDeploymentPostprocessing = 0;
		};
/* End PBXResourcesBuildPhase section */

/* Begin PBXSourcesBuildPhase section */
		D81EC0EE240A688100F87E0C /* Sources */ = {
			isa = PBXSourcesBuildPhase;
			buildActionMask = 2147483647;
			files = (
				D8235FFE240DAF2900D3DF57 /* Repos.swift in Sources */,
				D8236000240E391300D3DF57 /* Branch.swift in Sources */,
				D8236002240E3A6E00D3DF57 /* FileCell.swift in Sources */,
				D8CC9323240C527700BBEE5C /* NetworkManager.swift in Sources */,
				D8236004240E3A8500D3DF57 /* RepoViewController.swift in Sources */,
				D81EC10C240A691700F87E0C /* LoginViewController.swift in Sources */,
				D81EC10A240A68E700F87E0C /* MainViewController.swift in Sources */,
				D8CC931B240BB47600BBEE5C /* User.swift in Sources */,
				D86516C9240A860900C7C77C /* AuthService.swift in Sources */,
				D81EC0F6240A688100F87E0C /* AppDelegate.swift in Sources */,
				D8CC931F240BE32500BBEE5C /* ProfileCell.swift in Sources */,
				D81EC0F8240A688100F87E0C /* SceneDelegate.swift in Sources */,
				D8236007240E486D00D3DF57 /* String.swift in Sources */,
				D8CC931D240BBC5300BBEE5C /* NetworkingError.swift in Sources */,
				D8235FFC240DA9E600D3DF57 /* ReposCell.swift in Sources */,
			);
			runOnlyForDeploymentPostprocessing = 0;
		};
/* End PBXSourcesBuildPhase section */

/* Begin PBXVariantGroup section */
		D81EC0FB240A688100F87E0C /* Main.storyboard */ = {
			isa = PBXVariantGroup;
			children = (
				D81EC0FC240A688100F87E0C /* Base */,
			);
			name = Main.storyboard;
			sourceTree = "<group>";
		};
		D81EC100240A688300F87E0C /* LaunchScreen.storyboard */ = {
			isa = PBXVariantGroup;
			children = (
				D81EC101240A688300F87E0C /* Base */,
			);
			name = LaunchScreen.storyboard;
			sourceTree = "<group>";
		};
/* End PBXVariantGroup section */

/* Begin XCBuildConfiguration section */
		D81EC104240A688300F87E0C /* Debug */ = {
			isa = XCBuildConfiguration;
			buildSettings = {
				ALWAYS_SEARCH_USER_PATHS = NO;
				CLANG_ANALYZER_NONNULL = YES;
				CLANG_ANALYZER_NUMBER_OBJECT_CONVERSION = YES_AGGRESSIVE;
				CLANG_CXX_LANGUAGE_STANDARD = "gnu++14";
				CLANG_CXX_LIBRARY = "libc++";
				CLANG_ENABLE_MODULES = YES;
				CLANG_ENABLE_OBJC_ARC = YES;
				CLANG_ENABLE_OBJC_WEAK = YES;
				CLANG_WARN_BLOCK_CAPTURE_AUTORELEASING = YES;
				CLANG_WARN_BOOL_CONVERSION = YES;
				CLANG_WARN_COMMA = YES;
				CLANG_WARN_CONSTANT_CONVERSION = YES;
				CLANG_WARN_DEPRECATED_OBJC_IMPLEMENTATIONS = YES;
				CLANG_WARN_DIRECT_OBJC_ISA_USAGE = YES_ERROR;
				CLANG_WARN_DOCUMENTATION_COMMENTS = YES;
				CLANG_WARN_EMPTY_BODY = YES;
				CLANG_WARN_ENUM_CONVERSION = YES;
				CLANG_WARN_INFINITE_RECURSION = YES;
				CLANG_WARN_INT_CONVERSION = YES;
				CLANG_WARN_NON_LITERAL_NULL_CONVERSION = YES;
				CLANG_WARN_OBJC_IMPLICIT_RETAIN_SELF = YES;
				CLANG_WARN_OBJC_LITERAL_CONVERSION = YES;
				CLANG_WARN_OBJC_ROOT_CLASS = YES_ERROR;
				CLANG_WARN_RANGE_LOOP_ANALYSIS = YES;
				CLANG_WARN_STRICT_PROTOTYPES = YES;
				CLANG_WARN_SUSPICIOUS_MOVE = YES;
				CLANG_WARN_UNGUARDED_AVAILABILITY = YES_AGGRESSIVE;
				CLANG_WARN_UNREACHABLE_CODE = YES;
				CLANG_WARN__DUPLICATE_METHOD_MATCH = YES;
				COPY_PHASE_STRIP = NO;
				DEBUG_INFORMATION_FORMAT = dwarf;
				ENABLE_STRICT_OBJC_MSGSEND = YES;
				ENABLE_TESTABILITY = YES;
				GCC_C_LANGUAGE_STANDARD = gnu11;
				GCC_DYNAMIC_NO_PIC = NO;
				GCC_NO_COMMON_BLOCKS = YES;
				GCC_OPTIMIZATION_LEVEL = 0;
				GCC_PREPROCESSOR_DEFINITIONS = (
					"DEBUG=1",
					"$(inherited)",
				);
				GCC_WARN_64_TO_32_BIT_CONVERSION = YES;
				GCC_WARN_ABOUT_RETURN_TYPE = YES_ERROR;
				GCC_WARN_UNDECLARED_SELECTOR = YES;
				GCC_WARN_UNINITIALIZED_AUTOS = YES_AGGRESSIVE;
				GCC_WARN_UNUSED_FUNCTION = YES;
				GCC_WARN_UNUSED_VARIABLE = YES;
				IPHONEOS_DEPLOYMENT_TARGET = 13.2;
				MTL_ENABLE_DEBUG_INFO = INCLUDE_SOURCE;
				MTL_FAST_MATH = YES;
				ONLY_ACTIVE_ARCH = YES;
				SDKROOT = iphoneos;
				SWIFT_ACTIVE_COMPILATION_CONDITIONS = DEBUG;
				SWIFT_OPTIMIZATION_LEVEL = "-Onone";
			};
			name = Debug;
		};
		D81EC105240A688300F87E0C /* Release */ = {
			isa = XCBuildConfiguration;
			buildSettings = {
				ALWAYS_SEARCH_USER_PATHS = NO;
				CLANG_ANALYZER_NONNULL = YES;
				CLANG_ANALYZER_NUMBER_OBJECT_CONVERSION = YES_AGGRESSIVE;
				CLANG_CXX_LANGUAGE_STANDARD = "gnu++14";
				CLANG_CXX_LIBRARY = "libc++";
				CLANG_ENABLE_MODULES = YES;
				CLANG_ENABLE_OBJC_ARC = YES;
				CLANG_ENABLE_OBJC_WEAK = YES;
				CLANG_WARN_BLOCK_CAPTURE_AUTORELEASING = YES;
				CLANG_WARN_BOOL_CONVERSION = YES;
				CLANG_WARN_COMMA = YES;
				CLANG_WARN_CONSTANT_CONVERSION = YES;
				CLANG_WARN_DEPRECATED_OBJC_IMPLEMENTATIONS = YES;
				CLANG_WARN_DIRECT_OBJC_ISA_USAGE = YES_ERROR;
				CLANG_WARN_DOCUMENTATION_COMMENTS = YES;
				CLANG_WARN_EMPTY_BODY = YES;
				CLANG_WARN_ENUM_CONVERSION = YES;
				CLANG_WARN_INFINITE_RECURSION = YES;
				CLANG_WARN_INT_CONVERSION = YES;
				CLANG_WARN_NON_LITERAL_NULL_CONVERSION = YES;
				CLANG_WARN_OBJC_IMPLICIT_RETAIN_SELF = YES;
				CLANG_WARN_OBJC_LITERAL_CONVERSION = YES;
				CLANG_WARN_OBJC_ROOT_CLASS = YES_ERROR;
				CLANG_WARN_RANGE_LOOP_ANALYSIS = YES;
				CLANG_WARN_STRICT_PROTOTYPES = YES;
				CLANG_WARN_SUSPICIOUS_MOVE = YES;
				CLANG_WARN_UNGUARDED_AVAILABILITY = YES_AGGRESSIVE;
				CLANG_WARN_UNREACHABLE_CODE = YES;
				CLANG_WARN__DUPLICATE_METHOD_MATCH = YES;
				COPY_PHASE_STRIP = NO;
				DEBUG_INFORMATION_FORMAT = "dwarf-with-dsym";
				ENABLE_NS_ASSERTIONS = NO;
				ENABLE_STRICT_OBJC_MSGSEND = YES;
				GCC_C_LANGUAGE_STANDARD = gnu11;
				GCC_NO_COMMON_BLOCKS = YES;
				GCC_WARN_64_TO_32_BIT_CONVERSION = YES;
				GCC_WARN_ABOUT_RETURN_TYPE = YES_ERROR;
				GCC_WARN_UNDECLARED_SELECTOR = YES;
				GCC_WARN_UNINITIALIZED_AUTOS = YES_AGGRESSIVE;
				GCC_WARN_UNUSED_FUNCTION = YES;
				GCC_WARN_UNUSED_VARIABLE = YES;
				IPHONEOS_DEPLOYMENT_TARGET = 13.2;
				MTL_ENABLE_DEBUG_INFO = NO;
				MTL_FAST_MATH = YES;
				SDKROOT = iphoneos;
				SWIFT_COMPILATION_MODE = wholemodule;
				SWIFT_OPTIMIZATION_LEVEL = "-O";
				VALIDATE_PRODUCT = YES;
			};
			name = Release;
		};
		D81EC107240A688300F87E0C /* Debug */ = {
			isa = XCBuildConfiguration;
			buildSettings = {
				ASSETCATALOG_COMPILER_APPICON_NAME = AppIcon;
				CODE_SIGN_STYLE = Automatic;
				DEVELOPMENT_TEAM = QV56T238MF;
				INFOPLIST_FILE = GitHubMobile/Info.plist;
				LD_RUNPATH_SEARCH_PATHS = (
					"$(inherited)",
					"@executable_path/Frameworks",
				);
				PRODUCT_BUNDLE_IDENTIFIER = liCompanySecond.GitHubMobile;
				PRODUCT_NAME = "$(TARGET_NAME)";
				SWIFT_VERSION = 5.0;
				TARGETED_DEVICE_FAMILY = "1,2";
			};
			name = Debug;
		};
		D81EC108240A688300F87E0C /* Release */ = {
			isa = XCBuildConfiguration;
			buildSettings = {
				ASSETCATALOG_COMPILER_APPICON_NAME = AppIcon;
				CODE_SIGN_STYLE = Automatic;
				DEVELOPMENT_TEAM = QV56T238MF;
				INFOPLIST_FILE = GitHubMobile/Info.plist;
				LD_RUNPATH_SEARCH_PATHS = (
					"$(inherited)",
					"@executable_path/Frameworks",
				);
				PRODUCT_BUNDLE_IDENTIFIER = liCompanySecond.GitHubMobile;
				PRODUCT_NAME = "$(TARGET_NAME)";
				SWIFT_VERSION = 5.0;
				TARGETED_DEVICE_FAMILY = "1,2";
			};
			name = Release;
		};
/* End XCBuildConfiguration section */

/* Begin XCConfigurationList section */
		D81EC0ED240A688100F87E0C /* Build configuration list for PBXProject "GitHubMobile" */ = {
			isa = XCConfigurationList;
			buildConfigurations = (
				D81EC104240A688300F87E0C /* Debug */,
				D81EC105240A688300F87E0C /* Release */,
			);
			defaultConfigurationIsVisible = 0;
			defaultConfigurationName = Release;
		};
		D81EC106240A688300F87E0C /* Build configuration list for PBXNativeTarget "GitHubMobile" */ = {
			isa = XCConfigurationList;
			buildConfigurations = (
				D81EC107240A688300F87E0C /* Debug */,
				D81EC108240A688300F87E0C /* Release */,
			);
			defaultConfigurationIsVisible = 0;
			defaultConfigurationName = Release;
		};
/* End XCConfigurationList section */
	};
	rootObject = D81EC0EA240A688100F87E0C /* Project object */;
}
